Microsoft Visual Studio Solution File, Format Version 11.00
# Visual Studio 2008

Project("{922B11B4-E411-DD93-66B8-709FE0C4BCE4}") = "NuclearScientistArena", "Assembly-CSharp.csproj", "{7F9ABC8C-26FD-2FDA-60DD-B2D6138F49FE}"
EndProject
Global
	GlobalSection(SolutionConfigurationPlatforms) = preSolution
		Debug|Any CPU = Debug|Any CPU
		Release|Any CPU = Release|Any CPU
	EndGlobalSection
	GlobalSection(ProjectConfigurationPlatforms) = postSolution
		{7F9ABC8C-26FD-2FDA-60DD-B2D6138F49FE}.Debug|Any CPU.ActiveCfg = Debug|Any CPU
		{7F9ABC8C-26FD-2FDA-60DD-B2D6138F49FE}.Debug|Any CPU.Build.0 = Debug|Any CPU
		{7F9ABC8C-26FD-2FDA-60DD-B2D6138F49FE}.Release|Any CPU.ActiveCfg = Release|Any CPU
		{7F9ABC8C-26FD-2FDA-60DD-B2D6138F49FE}.Release|Any CPU.Build.0 = Release|Any CPU
	EndGlobalSection
	GlobalSection(SolutionProperties) = preSolution
		HideSolutionNode = FALSE
	EndGlobalSection
	GlobalSection(MonoDevelopProperties) = preSolution
		StartupItem = Assembly-CSharp.csproj
	EndGlobalSection
EndGlobal
